// !$*UTF8*$!
{
	archiveVersion = 1;
	classes = {
	};
	objectVersion = 70;
	objects = {

/* Begin PBXBuildFile section */
		0696EB312EF2D3F800B6E6E8 /* FilterChipsView.swift in Sources */ = {isa = PBXBuildFile; fileRef = 0696EB302EF2D3F800B6E6E8 /* FilterChipsView.swift */; };
		A1A1A1A1A1A1A1A1A1A1A1A1 /* AppDelegate.swift in Sources */ = {isa = PBXBuildFile; fileRef = B1B1B1B1B1B1B1B1B1B1B1B1 /* AppDelegate.swift */; };
		A2A2A2A2A2A2A2A2A2A2A2A2 /* SceneDelegate.swift in Sources */ = {isa = PBXBuildFile; fileRef = B2B2B2B2B2B2B2B2B2B2B2B2 /* SceneDelegate.swift */; };
		A3A3A3A3A3A3A3A3A3A3A3A3 /* Models.swift in Sources */ = {isa = PBXBuildFile; fileRef = B3B3B3B3B3B3B3B3B3B3B3B3 /* Models.swift */; };
		A4A4A4A4A4A4A4A4A4A4A4A4 /* RestaurantSearchViewModel.swift in Sources */ = {isa = PBXBuildFile; fileRef = B4B4B4B4B4B4B4B4B4B4B4B4 /* RestaurantSearchViewModel.swift */; };
		A5A5A5A5A5A5A5A5A5A5A5A5 /* RestaurantAnnotation.swift in Sources */ = {isa = PBXBuildFile; fileRef = B5B5B5B5B5B5B5B5B5B5B5B5 /* RestaurantAnnotation.swift */; };
		A6A6A6A6A6A6A6A6A6A6A6A6 /* RestaurantAnnotationView.swift in Sources */ = {isa = PBXBuildFile; fileRef = B6B6B6B6B6B6B6B6B6B6B6B6 /* RestaurantAnnotationView.swift */; };
		A7A7A7A7A7A7A7A7A7A7A7A7 /* ImageLoader.swift in Sources */ = {isa = PBXBuildFile; fileRef = B7B7B7B7B7B7B7B7B7B7B7B7 /* ImageLoader.swift */; };
		AAAAAAAAAAAAAAAAAAAAAAAAAA /* RestaurantService.swift in Sources */ = {isa = PBXBuildFile; fileRef = BAAAAAAAA3A3A3A3A3A3A3A3A3 /* RestaurantService.swift */; };
		AAAAAAAAAAAAAAAAAAAAAAAAAC /* RestaurantCardCell.swift in Sources */ = {isa = PBXBuildFile; fileRef = BAAAAAAAA2A2A2A2A2A2A2A2A2 /* RestaurantCardCell.swift */; };
		C1C1C1C1C1C1C1C1C1C1C1C1 /* Resources/Assets.xcassets in Resources */ = {isa = PBXBuildFile; fileRef = D1D1D1D1D1D1D1D1D1D1D1D1 /* Resources/Assets.xcassets */; };
/* End PBXBuildFile section */

/* Begin PBXFileReference section */
		0696EB302EF2D3F800B6E6E8 /* FilterChipsView.swift */ = {isa = PBXFileReference; lastKnownFileType = sourcecode.swift; path = FilterChipsView.swift; sourceTree = "<group>"; };
		B1B1B1B1B1B1B1B1B1B1B1B1 /* AppDelegate.swift */ = {isa = PBXFileReference; lastKnownFileType = sourcecode.swift; path = AppDelegate.swift; sourceTree = "<group>"; };
		B2B2B2B2B2B2B2B2B2B2B2B2 /* SceneDelegate.swift */ = {isa = PBXFileReference; lastKnownFileType = sourcecode.swift; path = SceneDelegate.swift; sourceTree = "<group>"; };
		B3B3B3B3B3B3B3B3B3B3B3B3 /* Models.swift */ = {isa = PBXFileReference; lastKnownFileType = sourcecode.swift; path = Models.swift; sourceTree = "<group>"; };
		B4B4B4B4B4B4B4B4B4B4B4B4 /* RestaurantSearchViewModel.swift */ = {isa = PBXFileReference; lastKnownFileType = sourcecode.swift; path = RestaurantSearchViewModel.swift; sourceTree = "<group>"; };
		B5B5B5B5B5B5B5B5B5B5B5B5 /* RestaurantAnnotation.swift */ = {isa = PBXFileReference; lastKnownFileType = sourcecode.swift; path = RestaurantAnnotation.swift; sourceTree = "<group>"; };
		B6B6B6B6B6B6B6B6B6B6B6B6 /* RestaurantAnnotationView.swift */ = {isa = PBXFileReference; lastKnownFileType = sourcecode.swift; path = RestaurantAnnotationView.swift; sourceTree = "<group>"; };
		B7B7B7B7B7B7B7B7B7B7B7B7 /* ImageLoader.swift */ = {isa = PBXFileReference; lastKnownFileType = sourcecode.swift; path = ImageLoader.swift; sourceTree = "<group>"; };
		BAAAAAAAA2A2A2A2A2A2A2A2A2 /* RestaurantCardCell.swift */ = {isa = PBXFileReference; lastKnownFileType = sourcecode.swift; path = RestaurantCardCell.swift; sourceTree = "<group>"; };
		BAAAAAAAA3A3A3A3A3A3A3A3A3 /* RestaurantService.swift */ = {isa = PBXFileReference; lastKnownFileType = sourcecode.swift; path = RestaurantService.swift; sourceTree = "<group>"; };
		D1D1D1D1D1D1D1D1D1D1D1D1 /* Resources/Assets.xcassets */ = {isa = PBXFileReference; lastKnownFileType = folder.assetcatalog; path = Resources/Assets.xcassets; sourceTree = "<group>"; };
		D2D2D2D2D2D2D2D2D2D2D2D2 /* Supporting/Info.plist */ = {isa = PBXFileReference; lastKnownFileType = text.plist.xml; path = Supporting/Info.plist; sourceTree = "<group>"; };
		E1E1E1E1E1E1E1E1E1E1E1E1 /* RestaurantMapSearch.app */ = {isa = PBXFileReference; explicitFileType = wrapper.application; includeInIndex = 0; path = RestaurantMapSearch.app; sourceTree = BUILT_PRODUCTS_DIR; };
/* End PBXFileReference section */

/* Begin PBXFileSystemSynchronizedRootGroup section */
		0696EB1F2EF20B5D00B6E6E8 /* Extensions */ = {isa = PBXFileSystemSynchronizedRootGroup; explicitFileTypes = {}; explicitFolders = (); path = Extensions; sourceTree = "<group>"; };
		0696EB2F2EF2123100B6E6E8 /* AppTheme */ = {isa = PBXFileSystemSynchronizedRootGroup; explicitFileTypes = {}; explicitFolders = (); path = AppTheme; sourceTree = "<group>"; };
		0696EB362EF3094500B6E6E8 /* ViewControllers */ = {isa = PBXFileSystemSynchronizedRootGroup; explicitFileTypes = {}; explicitFolders = (); path = ViewControllers; sourceTree = "<group>"; };
/* End PBXFileSystemSynchronizedRootGroup section */

/* Begin PBXFrameworksBuildPhase section */
		K1K1K1K1K1K1K1K1K1K1K1K1 /* Frameworks */ = {
			isa = PBXFrameworksBuildPhase;
			buildActionMask = 2147483647;
			files = (
			);
			runOnlyForDeploymentPostprocessing = 0;
		};
/* End PBXFrameworksBuildPhase section */

/* Begin PBXGroup section */
		0696EB372EF3096000B6E6E8 /* Views */ = {
			isa = PBXGroup;
			children = (
				BAAAAAAAA2A2A2A2A2A2A2A2A2 /* RestaurantCardCell.swift */,
				B5B5B5B5B5B5B5B5B5B5B5B5 /* RestaurantAnnotation.swift */,
				B6B6B6B6B6B6B6B6B6B6B6B6 /* RestaurantAnnotationView.swift */,
				0696EB302EF2D3F800B6E6E8 /* FilterChipsView.swift */,
			);
			path = Views;
			sourceTree = "<group>";
		};
		G1G1G1G1G1G1G1G1G1G1G1G1 = {
			isa = PBXGroup;
			children = (
				G2G2G2G2G2G2G2G2G2G2G2G2 /* RestaurantMapSearch */,
				G3G3G3G3G3G3G3G3G3G3G3G3 /* Products */,
			);
			sourceTree = "<group>";
		};
		G2G2G2G2G2G2G2G2G2G2G2G2 /* RestaurantMapSearch */ = {
			isa = PBXGroup;
			children = (
				0696EB2F2EF2123100B6E6E8 /* AppTheme */,
				0696EB1F2EF20B5D00B6E6E8 /* Extensions */,
				B1B1B1B1B1B1B1B1B1B1B1B1 /* AppDelegate.swift */,
				B2B2B2B2B2B2B2B2B2B2B2B2 /* SceneDelegate.swift */,
				GA1GA1GA1GA1GA1GA1GA1GA1GA1 /* Models */,
				GA2GA2GA2GA2GA2GA2GA2GA2GA2 /* ViewModels */,
				GA3GA3GA3GA3GA3GA3GA3GA3GA3 /* Views */,
				GA4GA4GA4GA4GA4GA4GA4GA4GA4 /* Services */,
				D1D1D1D1D1D1D1D1D1D1D1D1 /* Resources/Assets.xcassets */,
				D2D2D2D2D2D2D2D2D2D2D2D2 /* Supporting/Info.plist */,
			);
			path = RestaurantMapSearch;
			sourceTree = "<group>";
		};
		G3G3G3G3G3G3G3G3G3G3G3G3 /* Products */ = {
			isa = PBXGroup;
			children = (
				E1E1E1E1E1E1E1E1E1E1E1E1 /* RestaurantMapSearch.app */,
			);
			name = Products;
			sourceTree = "<group>";
		};
		GA1GA1GA1GA1GA1GA1GA1GA1GA1 /* Models */ = {
			isa = PBXGroup;
			children = (
				B3B3B3B3B3B3B3B3B3B3B3B3 /* Models.swift */,
			);
			path = Models;
			sourceTree = "<group>";
		};
		GA2GA2GA2GA2GA2GA2GA2GA2GA2 /* ViewModels */ = {
			isa = PBXGroup;
			children = (
				B4B4B4B4B4B4B4B4B4B4B4B4 /* RestaurantSearchViewModel.swift */,
			);
			path = ViewModels;
			sourceTree = "<group>";
		};
		GA3GA3GA3GA3GA3GA3GA3GA3GA3 /* Views */ = {
			isa = PBXGroup;
			children = (
				0696EB372EF3096000B6E6E8 /* Views */,
				0696EB362EF3094500B6E6E8 /* ViewControllers */,
			);
			path = Views;
			sourceTree = "<group>";
		};
		GA4GA4GA4GA4GA4GA4GA4GA4GA4 /* Services */ = {
			isa = PBXGroup;
			children = (
				B7B7B7B7B7B7B7B7B7B7B7B7 /* ImageLoader.swift */,
				BAAAAAAAA3A3A3A3A3A3A3A3A3 /* RestaurantService.swift */,
			);
			path = Services;
			sourceTree = "<group>";
		};
/* End PBXGroup section */

/* Begin PBXNativeTarget section */
		H1H1H1H1H1H1H1H1H1H1H1H1 /* RestaurantMapSearch */ = {
			isa = PBXNativeTarget;
			buildConfigurationList = I1I1I1I1I1I1I1I1I1I1I1I1 /* Build configuration list for PBXNativeTarget "RestaurantMapSearch" */;
			buildPhases = (
				J1J1J1J1J1J1J1J1J1J1J1J1 /* Sources */,
				K1K1K1K1K1K1K1K1K1K1K1K1 /* Frameworks */,
				L1L1L1L1L1L1L1L1L1L1L1L1 /* Resources */,
			);
			buildRules = (
			);
			dependencies = (
			);
			fileSystemSynchronizedGroups = (
				0696EB1F2EF20B5D00B6E6E8 /* Extensions */,
				0696EB2F2EF2123100B6E6E8 /* AppTheme */,
				0696EB362EF3094500B6E6E8 /* ViewControllers */,
			);
			name = RestaurantMapSearch;
			productName = RestaurantMapSearch;
			productReference = E1E1E1E1E1E1E1E1E1E1E1E1 /* RestaurantMapSearch.app */;
			productType = "com.apple.product-type.application";
		};
/* End PBXNativeTarget section */

/* Begin PBXProject section */
		M1M1M1M1M1M1M1M1M1M1M1M1 /* Project object */ = {
			isa = PBXProject;
			attributes = {
				BuildIndependentTargetsInParallel = 1;
				LastSwiftUpdateCheck = 1600;
				LastUpgradeCheck = 1600;
				TargetAttributes = {
					H1H1H1H1H1H1H1H1H1H1H1H1 = {
						CreatedOnToolsVersion = 16.0;
					};
				};
			};
			buildConfigurationList = N1N1N1N1N1N1N1N1N1N1N1N1 /* Build configuration list for PBXProject "RestaurantMapSearch" */;
			compatibilityVersion = "Xcode 14.0";
			developmentRegion = en;
			hasScannedForEncodings = 0;
			knownRegions = (
				en,
				Base,
			);
			mainGroup = G1G1G1G1G1G1G1G1G1G1G1G1;
			productRefGroup = G3G3G3G3G3G3G3G3G3G3G3G3 /* Products */;
			projectDirPath = "";
			projectRoot = "";
			targets = (
				H1H1H1H1H1H1H1H1H1H1H1H1 /* RestaurantMapSearch */,
			);
		};
/* End PBXProject section */

/* Begin PBXResourcesBuildPhase section */
		L1L1L1L1L1L1L1L1L1L1L1L1 /* Resources */ = {
			isa = PBXResourcesBuildPhase;
			buildActionMask = 2147483647;
			files = (
				C1C1C1C1C1C1C1C1C1C1C1C1 /* Resources/Assets.xcassets in Resources */,
			);
			runOnlyForDeploymentPostprocessing = 0;
		};
/* End PBXResourcesBuildPhase section */

/* Begin PBXSourcesBuildPhase section */
		J1J1J1J1J1J1J1J1J1J1J1J1 /* Sources */ = {
			isa = PBXSourcesBuildPhase;
			buildActionMask = 2147483647;
			files = (
				A1A1A1A1A1A1A1A1A1A1A1A1 /* AppDelegate.swift in Sources */,
				A2A2A2A2A2A2A2A2A2A2A2A2 /* SceneDelegate.swift in Sources */,
				A6A6A6A6A6A6A6A6A6A6A6A6 /* RestaurantAnnotationView.swift in Sources */,
				A5A5A5A5A5A5A5A5A5A5A5A5 /* RestaurantAnnotation.swift in Sources */,
				0696EB312EF2D3F800B6E6E8 /* FilterChipsView.swift in Sources */,
				AAAAAAAAAAAAAAAAAAAAAAAAAC /* RestaurantCardCell.swift in Sources */,
				A7A7A7A7A7A7A7A7A7A7A7A7 /* ImageLoader.swift in Sources */,
				AAAAAAAAAAAAAAAAAAAAAAAAAA /* RestaurantService.swift in Sources */,
				A4A4A4A4A4A4A4A4A4A4A4A4 /* RestaurantSearchViewModel.swift in Sources */,
				A3A3A3A3A3A3A3A3A3A3A3A3 /* Models.swift in Sources */,
			);
			runOnlyForDeploymentPostprocessing = 0;
		};
/* End PBXSourcesBuildPhase section */

/* Begin XCBuildConfiguration section */
		O1O1O1O1O1O1O1O1O1O1O1O1 /* Debug */ = {
			isa = XCBuildConfiguration;
			buildSettings = {
				ALWAYS_SEARCH_USER_PATHS = NO;
				ASSETCATALOG_COMPILER_APPICON_NAME = AppIcon;
				CLANG_ENABLE_MODULES = YES;
				CURRENT_PROJECT_VERSION = 1;
				DEVELOPMENT_TEAM = "";
				ENABLE_PREVIEWS = YES;
				GENERATE_INFOPLIST_FILE = NO;
				INFOPLIST_FILE = RestaurantMapSearch/Supporting/Info.plist;
				IPHONEOS_DEPLOYMENT_TARGET = 26.0;
				LD_RUNPATH_SEARCH_PATHS = (
					"$(inherited)",
					"@executable_path/Frameworks",
				);
				PRODUCT_BUNDLE_IDENTIFIER = com.example.RestaurantMapSearch;
				PRODUCT_NAME = "$(TARGET_NAME)";
				SUPPORTED_PLATFORMS = "iphoneos iphonesimulator";
				SUPPORTS_MACCATALYST = NO;
				SWIFT_VERSION = 5.0;
				TARGETED_DEVICE_FAMILY = "1,2";
			};
			name = Debug;
		};
		O2O2O2O2O2O2O2O2O2O2O2O2 /* Release */ = {
			isa = XCBuildConfiguration;
			buildSettings = {
				ALWAYS_SEARCH_USER_PATHS = NO;
				ASSETCATALOG_COMPILER_APPICON_NAME = AppIcon;
				CLANG_ENABLE_MODULES = YES;
				CURRENT_PROJECT_VERSION = 1;
				DEVELOPMENT_TEAM = "";
				GENERATE_INFOPLIST_FILE = NO;
				INFOPLIST_FILE = RestaurantMapSearch/Supporting/Info.plist;
				IPHONEOS_DEPLOYMENT_TARGET = 26.0;
				LD_RUNPATH_SEARCH_PATHS = (
					"$(inherited)",
					"@executable_path/Frameworks",
				);
				PRODUCT_BUNDLE_IDENTIFIER = com.example.RestaurantMapSearch;
				PRODUCT_NAME = "$(TARGET_NAME)";
				SUPPORTED_PLATFORMS = "iphoneos iphonesimulator";
				SUPPORTS_MACCATALYST = NO;
				SWIFT_VERSION = 5.0;
				TARGETED_DEVICE_FAMILY = "1,2";
			};
			name = Release;
		};
/* End XCBuildConfiguration section */

/* Begin XCConfigurationList section */
		I1I1I1I1I1I1I1I1I1I1I1I1 /* Build configuration list for PBXNativeTarget "RestaurantMapSearch" */ = {
			isa = XCConfigurationList;
			buildConfigurations = (
				O1O1O1O1O1O1O1O1O1O1O1O1 /* Debug */,
				O2O2O2O2O2O2O2O2O2O2O2O2 /* Release */,
			);
			defaultConfigurationIsVisible = 0;
			defaultConfigurationName = Release;
		};
		N1N1N1N1N1N1N1N1N1N1N1N1 /* Build configuration list for PBXProject "RestaurantMapSearch" */ = {
			isa = XCConfigurationList;
			buildConfigurations = (
				O1O1O1O1O1O1O1O1O1O1O1O1 /* Debug */,
				O2O2O2O2O2O2O2O2O2O2O2O2 /* Release */,
			);
			defaultConfigurationIsVisible = 0;
			defaultConfigurationName = Release;
		};
/* End XCConfigurationList section */
	};
	rootObject = M1M1M1M1M1M1M1M1M1M1M1M1 /* Project object */;
}
